
Microsoft Visual Studio Solution File, Format Version 12.00
# Visual Studio 2013
VisualStudioVersion = 12.0.30723.0
MinimumVisualStudioVersion = 10.0.40219.1
Project("{FAE04EC0-301F-11D3-BF4B-00C04F79EFBC}") = "WeixinDemo", "WeixinDemo\WeixinDemo.csproj", "{7922C09E-C6E3-4191-857A-30E5498FBF52}"
EndProject
Project("{FAE04EC0-301F-11D3-BF4B-00C04F79EFBC}") = "WeixinTest", "WeixinTest\WeixinTest.csproj", "{9E92C133-080F-4416-A36D-78C44E9D87E2}"
EndProject
Project("{FAE04EC0-301F-11D3-BF4B-00C04F79EFBC}") = "WeixinDemo.Service", "WeixinDemo.Service\WeixinDemo.Service.csproj", "{CC1B756D-2C13-46C5-88EA-B0D63C67AD1A}"
EndProject
Global
	GlobalSection(SolutionConfigurationPlatforms) = preSolution
		Debug|Any CPU = Debug|Any CPU
		Release|Any CPU = Release|Any CPU
	EndGlobalSection
	GlobalSection(ProjectConfigurationPlatforms) = postSolution
		{7922C09E-C6E3-4191-857A-30E5498FBF52}.Debug|Any CPU.ActiveCfg = Debug|Any CPU
		{7922C09E-C6E3-4191-857A-30E5498FBF52}.Debug|Any CPU.Build.0 = Debug|Any CPU
		{7922C09E-C6E3-4191-857A-30E5498FBF52}.Release|Any CPU.ActiveCfg = Release|Any CPU
		{7922C09E-C6E3-4191-857A-30E5498FBF52}.Release|Any CPU.Build.0 = Release|Any CPU
		{9E92C133-080F-4416-A36D-78C44E9D87E2}.Debug|Any CPU.ActiveCfg = Debug|Any CPU
		{9E92C133-080F-4416-A36D-78C44E9D87E2}.Debug|Any CPU.Build.0 = Debug|Any CPU
		{9E92C133-080F-4416-A36D-78C44E9D87E2}.Release|Any CPU.ActiveCfg = Release|Any CPU
		{9E92C133-080F-4416-A36D-78C44E9D87E2}.Release|Any CPU.Build.0 = Release|Any CPU
		{CC1B756D-2C13-46C5-88EA-B0D63C67AD1A}.Debug|Any CPU.ActiveCfg = Debug|Any CPU
		{CC1B756D-2C13-46C5-88EA-B0D63C67AD1A}.Debug|Any CPU.Build.0 = Debug|Any CPU
		{CC1B756D-2C13-46C5-88EA-B0D63C67AD1A}.Release|Any CPU.ActiveCfg = Release|Any CPU
		{CC1B756D-2C13-46C5-88EA-B0D63C67AD1A}.Release|Any CPU.Build.0 = Release|Any CPU
	EndGlobalSection
	GlobalSection(SolutionProperties) = preSolution
		HideSolutionNode = FALSE
	EndGlobalSection
EndGlobal
